
Microsoft Visual Studio Solution File, Format Version 12.00
# Visual Studio Version 16
VisualStudioVersion = 16.0.34407.143
MinimumVisualStudioVersion = 10.0.40219.1
Project("{FAE04EC0-301F-11D3-BF4B-00C04F79EFBC}") = "Dropzone", "Dropzone\Dropzone.csproj", "{845E8320-CF36-45D9-897B-691D8E07D812}"
EndProject
Project("{2150E333-8FDC-42A3-9474-1A3956D46DE8}") = "Solution Items", "Solution Items", "{AA8BBD50-BD98-440D-B654-7644AEE5368D}"
	ProjectSection(SolutionItems) = preProject
		ReadMe.md = ReadMe.md
	EndProjectSection
EndProject
Global
	GlobalSection(SolutionConfigurationPlatforms) = preSolution
		Debug|Any CPU = Debug|Any CPU
		Release|Any CPU = Release|Any CPU
	EndGlobalSection
	GlobalSection(ProjectConfigurationPlatforms) = postSolution
		{845E8320-CF36-45D9-897B-691D8E07D812}.Debug|Any CPU.ActiveCfg = Debug|Any CPU
		{845E8320-CF36-45D9-897B-691D8E07D812}.Debug|Any CPU.Build.0 = Debug|Any CPU
		{845E8320-CF36-45D9-897B-691D8E07D812}.Release|Any CPU.ActiveCfg = Release|Any CPU
		{845E8320-CF36-45D9-897B-691D8E07D812}.Release|Any CPU.Build.0 = Release|Any CPU
	EndGlobalSection
	GlobalSection(SolutionProperties) = preSolution
		HideSolutionNode = FALSE
	EndGlobalSection
	GlobalSection(ExtensibilityGlobals) = postSolution
		SolutionGuid = {68D013A8-D6B9-4562-8A9E-A4A54746AE52}
	EndGlobalSection
EndGlobal
